
Microsoft Visual Studio Solution File, Format Version 12.00
# Visual Studio Version 17
VisualStudioVersion = 17.10.35004.147
MinimumVisualStudioVersion = 10.0.40219.1
Project("{FAE04EC0-301F-11D3-BF4B-00C04F79EFBC}") = "DomainBaseEntity", "DomainBaseEntity\DomainBaseEntity.csproj", "{B2478036-99CF-4396-B22A-9CCB9AA38699}"
EndProject
Project("{2150E333-8FDC-42A3-9474-1A3956D46DE8}") = "Solution Items", "Solution Items", "{8B2AB605-5DBF-4AF2-A83F-1AC5EAFEC7D5}"
	ProjectSection(SolutionItems) = preProject
		.gitattributes = .gitattributes
		.gitignore = .gitignore
		LICENSE.txt = LICENSE.txt
		README.md = README.md
	EndProjectSection
EndProject
Global
	GlobalSection(SolutionConfigurationPlatforms) = preSolution
		Debug|Any CPU = Debug|Any CPU
		Release|Any CPU = Release|Any CPU
	EndGlobalSection
	GlobalSection(ProjectConfigurationPlatforms) = postSolution
		{B2478036-99CF-4396-B22A-9CCB9AA38699}.Debug|Any CPU.ActiveCfg = Debug|Any CPU
		{B2478036-99CF-4396-B22A-9CCB9AA38699}.Debug|Any CPU.Build.0 = Debug|Any CPU
		{B2478036-99CF-4396-B22A-9CCB9AA38699}.Release|Any CPU.ActiveCfg = Release|Any CPU
		{B2478036-99CF-4396-B22A-9CCB9AA38699}.Release|Any CPU.Build.0 = Release|Any CPU
	EndGlobalSection
	GlobalSection(SolutionProperties) = preSolution
		HideSolutionNode = FALSE
	EndGlobalSection
	GlobalSection(ExtensibilityGlobals) = postSolution
		SolutionGuid = {7360520E-4BA7-4936-B4C8-438DC2182EB5}
	EndGlobalSection
EndGlobal
